github.com/Benjamin-Philip/burwell v0.0.0-20221223054241-1e824ea59133 h1:7Dk5LLwnOJtS7I8UP4Y/XhmqLRu+NQIQGebsUNkJKsg=
github.com/Benjamin-Philip/burwell v0.0.0-20221223054241-1e824ea59133/go.mod h1:2Yl8t3llLfh1LjuxIq9MOL5xW8j79vLXgbFECoCq2jE=
github.com/Benjamin-Philip/burwell v0.0.0-20221223055430-682527928e06 h1:BB+wERrhKKWzUyeGzCLtx8odaVNntlzqrv8uDAM9BwA=
github.com/Benjamin-Philip/burwell v0.0.0-20221223055430-682527928e06/go.mod h1:2Yl8t3llLfh1LjuxIq9MOL5xW8j79vLXgbFECoCq2jE=
github.com/Benjamin-Philip/burwell v0.0.0-20221223161746-e2040c7fbb6e h1:sLHvZajHUbaA5vt/mxUSCg1lZ7WrQ+e0I9rUnaqiBQY=
github.com/Benjamin-Philip/burwell v0.0.0-20221223161746-e2040c7fbb6e/go.mod h1:2Yl8t3llLfh1LjuxIq9MOL5xW8j79vLXgbFECoCq2jE=
github.com/spf13/hyde v1.1.0 h1:ZKOakmybNrsaUQCZsf/XwwGIp6NHjUuU3klBgVuoees=
github.com/spf13/hyde v1.1.0/go.mod h1:CSmLWCbXXInaA5zAkwAQ0EbwpR7Pe74eSmDxdGspoCY=
